
Microsoft Visual Studio Solution File, Format Version 12.00
# Visual Studio Version 17
VisualStudioVersion = 17.8.34525.116
MinimumVisualStudioVersion = 10.0.40219.1
Project("{FAE04EC0-301F-11D3-BF4B-00C04F79EFBC}") = "RazorPageMovie1", "RazorPageMovie1.csproj", "{6C275530-79CB-46C1-8ED8-0E8C334663D5}"
EndProject
Global
	GlobalSection(SolutionConfigurationPlatforms) = preSolution
		Debug|Any CPU = Debug|Any CPU
		Release|Any CPU = Release|Any CPU
	EndGlobalSection
	GlobalSection(ProjectConfigurationPlatforms) = postSolution
		{6C275530-79CB-46C1-8ED8-0E8C334663D5}.Debug|Any CPU.ActiveCfg = Debug|Any CPU
		{6C275530-79CB-46C1-8ED8-0E8C334663D5}.Debug|Any CPU.Build.0 = Debug|Any CPU
		{6C275530-79CB-46C1-8ED8-0E8C334663D5}.Release|Any CPU.ActiveCfg = Release|Any CPU
		{6C275530-79CB-46C1-8ED8-0E8C334663D5}.Release|Any CPU.Build.0 = Release|Any CPU
	EndGlobalSection
	GlobalSection(SolutionProperties) = preSolution
		HideSolutionNode = FALSE
	EndGlobalSection
	GlobalSection(ExtensibilityGlobals) = postSolution
		SolutionGuid = {6C065442-11C0-4613-B9D6-3EE072DE7D8F}
	EndGlobalSection
EndGlobal
